// !$*UTF8*$!
{
	archiveVersion = 1;
	classes = {};
	objectVersion = 56;
	objects = {

/* Begin PBXBuildFile section */
		100000000000000000000001 /* PaperFlowApp.swift in Sources */ = {isa = PBXBuildFile; fileRef = 200000000000000000000001 /* PaperFlowApp.swift */; };
		100000000000000000000002 /* AppModel.swift in Sources */ = {isa = PBXBuildFile; fileRef = 200000000000000000000002 /* AppModel.swift */; };
		100000000000000000000003 /* PublicFeedModels.swift in Sources */ = {isa = PBXBuildFile; fileRef = 200000000000000000000003 /* PublicFeedModels.swift */; };
		100000000000000000000004 /* PublicFeedClientProtocol.swift in Sources */ = {isa = PBXBuildFile; fileRef = 200000000000000000000004 /* PublicFeedClientProtocol.swift */; };
		100000000000000000000005 /* PaperFlowTheme.swift in Sources */ = {isa = PBXBuildFile; fileRef = 200000000000000000000005 /* PaperFlowTheme.swift */; };
		100000000000000000000006 /* SharedComponents.swift in Sources */ = {isa = PBXBuildFile; fileRef = 200000000000000000000006 /* SharedComponents.swift */; };
		100000000000000000000007 /* RootTabView.swift in Sources */ = {isa = PBXBuildFile; fileRef = 200000000000000000000007 /* RootTabView.swift */; };
		100000000000000000000008 /* feed_index.json in Resources */ = {isa = PBXBuildFile; fileRef = 200000000000000000000008 /* feed_index.json */; };
		100000000000000000000009 /* topics.json in Resources */ = {isa = PBXBuildFile; fileRef = 200000000000000000000009 /* topics.json */; };
		10000000000000000000000A /* daily_feed.json in Resources */ = {isa = PBXBuildFile; fileRef = 20000000000000000000000A /* daily_feed.json */; };
		10000000000000000000000B /* PublicFeedDecodingTests.swift in Sources */ = {isa = PBXBuildFile; fileRef = 20000000000000000000000B /* PublicFeedDecodingTests.swift */; };
		10000000000000000000000C /* ThemeTests.swift in Sources */ = {isa = PBXBuildFile; fileRef = 20000000000000000000000C /* ThemeTests.swift */; };
		10000000000000000000000D /* AppModelFixtureTests.swift in Sources */ = {isa = PBXBuildFile; fileRef = 20000000000000000000000D /* AppModelFixtureTests.swift */; };
		10000000000000000000000E /* PaperFlowUITests.swift in Sources */ = {isa = PBXBuildFile; fileRef = 20000000000000000000000E /* PaperFlowUITests.swift */; };
		100000000000000000000015 /* ReadingStatus.swift in Sources */ = {isa = PBXBuildFile; fileRef = 200000000000000000000015 /* ReadingStatus.swift */; };
		100000000000000000000016 /* SavedPaperSnapshot.swift in Sources */ = {isa = PBXBuildFile; fileRef = 200000000000000000000016 /* SavedPaperSnapshot.swift */; };
		100000000000000000000017 /* PersonalPaperState.swift in Sources */ = {isa = PBXBuildFile; fileRef = 200000000000000000000017 /* PersonalPaperState.swift */; };
		100000000000000000000018 /* SwipeUndoSnapshot.swift in Sources */ = {isa = PBXBuildFile; fileRef = 200000000000000000000018 /* SwipeUndoSnapshot.swift */; };
		100000000000000000000019 /* PersonalPaperStore.swift in Sources */ = {isa = PBXBuildFile; fileRef = 200000000000000000000019 /* PersonalPaperStore.swift */; };
		10000000000000000000001A /* SwiftDataPersonalPaperStore.swift in Sources */ = {isa = PBXBuildFile; fileRef = 20000000000000000000001A /* SwiftDataPersonalPaperStore.swift */; };
		10000000000000000000001B /* PersonalActionService.swift in Sources */ = {isa = PBXBuildFile; fileRef = 20000000000000000000001B /* PersonalActionService.swift */; };
		10000000000000000000001C /* PersonalStateMachineTests.swift in Sources */ = {isa = PBXBuildFile; fileRef = 20000000000000000000001C /* PersonalStateMachineTests.swift */; };
		10000000000000000000001D /* SwiftDataPersistenceTests.swift in Sources */ = {isa = PBXBuildFile; fileRef = 20000000000000000000001D /* SwiftDataPersistenceTests.swift */; };
		10000000000000000000001E /* Endpoint.swift in Sources */ = {isa = PBXBuildFile; fileRef = 20000000000000000000001E /* Endpoint.swift */; };
		10000000000000000000001F /* PublicFeedClient.swift in Sources */ = {isa = PBXBuildFile; fileRef = 20000000000000000000001F /* PublicFeedClient.swift */; };
		100000000000000000000020 /* PublicFeedCache.swift in Sources */ = {isa = PBXBuildFile; fileRef = 200000000000000000000020 /* PublicFeedCache.swift */; };
		100000000000000000000021 /* FilePublicFeedCache.swift in Sources */ = {isa = PBXBuildFile; fileRef = 200000000000000000000021 /* FilePublicFeedCache.swift */; };
		100000000000000000000022 /* PaperFlowRepository.swift in Sources */ = {isa = PBXBuildFile; fileRef = 200000000000000000000022 /* PaperFlowRepository.swift */; };
		100000000000000000000023 /* PublicFeedClientTests.swift in Sources */ = {isa = PBXBuildFile; fileRef = 200000000000000000000023 /* PublicFeedClientTests.swift */; };
		100000000000000000000024 /* PublicFeedCacheTests.swift in Sources */ = {isa = PBXBuildFile; fileRef = 200000000000000000000024 /* PublicFeedCacheTests.swift */; };
		100000000000000000000025 /* RepositoryTests.swift in Sources */ = {isa = PBXBuildFile; fileRef = 200000000000000000000025 /* RepositoryTests.swift */; };
		100000000000000000000026 /* topic_feed.json in Resources */ = {isa = PBXBuildFile; fileRef = 200000000000000000000026 /* topic_feed.json */; };
		100000000000000000000027 /* TodayViewModel.swift in Sources */ = {isa = PBXBuildFile; fileRef = 200000000000000000000027 /* TodayViewModel.swift */; };
		100000000000000000000028 /* DayBrowseViewModel.swift in Sources */ = {isa = PBXBuildFile; fileRef = 200000000000000000000028 /* DayBrowseViewModel.swift */; };
		100000000000000000000029 /* PaperDetailViewModel.swift in Sources */ = {isa = PBXBuildFile; fileRef = 200000000000000000000029 /* PaperDetailViewModel.swift */; };
		10000000000000000000002A /* TodayHomeView.swift in Sources */ = {isa = PBXBuildFile; fileRef = 20000000000000000000002A /* TodayHomeView.swift */; };
		10000000000000000000002B /* DayOverviewView.swift in Sources */ = {isa = PBXBuildFile; fileRef = 20000000000000000000002B /* DayOverviewView.swift */; };
		10000000000000000000002C /* DayBrowseView.swift in Sources */ = {isa = PBXBuildFile; fileRef = 20000000000000000000002C /* DayBrowseView.swift */; };
		10000000000000000000002D /* PaperDetailView.swift in Sources */ = {isa = PBXBuildFile; fileRef = 20000000000000000000002D /* PaperDetailView.swift */; };
		10000000000000000000002E /* TodayViewModelTests.swift in Sources */ = {isa = PBXBuildFile; fileRef = 20000000000000000000002E /* TodayViewModelTests.swift */; };
		10000000000000000000002F /* PaperDetailViewModelTests.swift in Sources */ = {isa = PBXBuildFile; fileRef = 20000000000000000000002F /* PaperDetailViewModelTests.swift */; };
		100000000000000000000030 /* TodayBrowseTests.swift in Sources */ = {isa = PBXBuildFile; fileRef = 200000000000000000000030 /* TodayBrowseTests.swift */; };
		100000000000000000000031 /* SwipeCollection.swift in Sources */ = {isa = PBXBuildFile; fileRef = 200000000000000000000031 /* SwipeCollection.swift */; };
		100000000000000000000032 /* SwipeSessionViewModel.swift in Sources */ = {isa = PBXBuildFile; fileRef = 200000000000000000000032 /* SwipeSessionViewModel.swift */; };
		100000000000000000000033 /* PFSwipeCard.swift in Sources */ = {isa = PBXBuildFile; fileRef = 200000000000000000000033 /* PFSwipeCard.swift */; };
		100000000000000000000034 /* PFSwipeActionBar.swift in Sources */ = {isa = PBXBuildFile; fileRef = 200000000000000000000034 /* PFSwipeActionBar.swift */; };
		100000000000000000000035 /* DaySwipeView.swift in Sources */ = {isa = PBXBuildFile; fileRef = 200000000000000000000035 /* DaySwipeView.swift */; };
		100000000000000000000036 /* TriageCompleteView.swift in Sources */ = {isa = PBXBuildFile; fileRef = 200000000000000000000036 /* TriageCompleteView.swift */; };
		100000000000000000000037 /* SwipeSessionTests.swift in Sources */ = {isa = PBXBuildFile; fileRef = 200000000000000000000037 /* SwipeSessionTests.swift */; };
		100000000000000000000038 /* SwipeTriageTests.swift in Sources */ = {isa = PBXBuildFile; fileRef = 200000000000000000000038 /* SwipeTriageTests.swift */; };
		100000000000000000000039 /* TopicsViewModel.swift in Sources */ = {isa = PBXBuildFile; fileRef = 200000000000000000000039 /* TopicsViewModel.swift */; };
		10000000000000000000003A /* TopicHistoryViewModel.swift in Sources */ = {isa = PBXBuildFile; fileRef = 20000000000000000000003A /* TopicHistoryViewModel.swift */; };
		10000000000000000000003B /* TopicsHomeView.swift in Sources */ = {isa = PBXBuildFile; fileRef = 20000000000000000000003B /* TopicsHomeView.swift */; };
		10000000000000000000003C /* TopicDetailView.swift in Sources */ = {isa = PBXBuildFile; fileRef = 20000000000000000000003C /* TopicDetailView.swift */; };
		10000000000000000000003D /* TopicBrowseView.swift in Sources */ = {isa = PBXBuildFile; fileRef = 20000000000000000000003D /* TopicBrowseView.swift */; };
		10000000000000000000003E /* TopicSwipeView.swift in Sources */ = {isa = PBXBuildFile; fileRef = 20000000000000000000003E /* TopicSwipeView.swift */; };
		10000000000000000000003F /* TopicsViewModelTests.swift in Sources */ = {isa = PBXBuildFile; fileRef = 20000000000000000000003F /* TopicsViewModelTests.swift */; };
		100000000000000000000040 /* TopicsTests.swift in Sources */ = {isa = PBXBuildFile; fileRef = 200000000000000000000040 /* TopicsTests.swift */; };
		100000000000000000000041 /* SavedSearch.swift in Sources */ = {isa = PBXBuildFile; fileRef = 200000000000000000000041 /* SavedSearch.swift */; };
		100000000000000000000042 /* SavedViewModel.swift in Sources */ = {isa = PBXBuildFile; fileRef = 200000000000000000000042 /* SavedViewModel.swift */; };
		100000000000000000000043 /* SavedComponents.swift in Sources */ = {isa = PBXBuildFile; fileRef = 200000000000000000000043 /* SavedComponents.swift */; };
		100000000000000000000044 /* SavedHomeView.swift in Sources */ = {isa = PBXBuildFile; fileRef = 200000000000000000000044 /* SavedHomeView.swift */; };
		100000000000000000000045 /* QueueView.swift in Sources */ = {isa = PBXBuildFile; fileRef = 200000000000000000000045 /* QueueView.swift */; };
		100000000000000000000046 /* ReadingView.swift in Sources */ = {isa = PBXBuildFile; fileRef = 200000000000000000000046 /* ReadingView.swift */; };
		100000000000000000000047 /* DoneView.swift in Sources */ = {isa = PBXBuildFile; fileRef = 200000000000000000000047 /* DoneView.swift */; };
		100000000000000000000048 /* SavedViewModelTests.swift in Sources */ = {isa = PBXBuildFile; fileRef = 200000000000000000000048 /* SavedViewModelTests.swift */; };
		100000000000000000000049 /* SavedTests.swift in Sources */ = {isa = PBXBuildFile; fileRef = 200000000000000000000049 /* SavedTests.swift */; };
/* End PBXBuildFile section */

/* Begin PBXContainerItemProxy section */
		300000000000000000000001 = {isa = PBXContainerItemProxy; containerPortal = 400000000000000000000001 /* Project object */; proxyType = 1; remoteGlobalIDString = 500000000000000000000001; remoteInfo = PaperFlow; };
		300000000000000000000002 = {isa = PBXContainerItemProxy; containerPortal = 400000000000000000000001 /* Project object */; proxyType = 1; remoteGlobalIDString = 500000000000000000000001; remoteInfo = PaperFlow; };
/* End PBXContainerItemProxy section */

/* Begin PBXFileReference section */
		200000000000000000000001 /* PaperFlowApp.swift */ = {isa = PBXFileReference; lastKnownFileType = sourcecode.swift; path = App/PaperFlowApp.swift; sourceTree = "<group>"; };
		200000000000000000000002 /* AppModel.swift */ = {isa = PBXFileReference; lastKnownFileType = sourcecode.swift; path = App/AppModel.swift; sourceTree = "<group>"; };
		200000000000000000000003 /* PublicFeedModels.swift */ = {isa = PBXFileReference; lastKnownFileType = sourcecode.swift; path = Models/PublicFeedModels.swift; sourceTree = "<group>"; };
		200000000000000000000004 /* PublicFeedClientProtocol.swift */ = {isa = PBXFileReference; lastKnownFileType = sourcecode.swift; path = Networking/PublicFeedClientProtocol.swift; sourceTree = "<group>"; };
		200000000000000000000005 /* PaperFlowTheme.swift */ = {isa = PBXFileReference; lastKnownFileType = sourcecode.swift; path = Theme/PaperFlowTheme.swift; sourceTree = "<group>"; };
		200000000000000000000006 /* SharedComponents.swift */ = {isa = PBXFileReference; lastKnownFileType = sourcecode.swift; path = Views/Components/SharedComponents.swift; sourceTree = "<group>"; };
		200000000000000000000007 /* RootTabView.swift */ = {isa = PBXFileReference; lastKnownFileType = sourcecode.swift; path = Views/Root/RootTabView.swift; sourceTree = "<group>"; };
		200000000000000000000008 /* feed_index.json */ = {isa = PBXFileReference; lastKnownFileType = text.json; path = Fixtures/feed_index.json; sourceTree = "<group>"; };
		200000000000000000000009 /* topics.json */ = {isa = PBXFileReference; lastKnownFileType = text.json; path = Fixtures/topics.json; sourceTree = "<group>"; };
		20000000000000000000000A /* daily_feed.json */ = {isa = PBXFileReference; lastKnownFileType = text.json; path = Fixtures/daily_feed.json; sourceTree = "<group>"; };
		20000000000000000000000B /* PublicFeedDecodingTests.swift */ = {isa = PBXFileReference; lastKnownFileType = sourcecode.swift; path = ../PaperFlowTests/PublicFeedDecodingTests.swift; sourceTree = "<group>"; };
		20000000000000000000000C /* ThemeTests.swift */ = {isa = PBXFileReference; lastKnownFileType = sourcecode.swift; path = ../PaperFlowTests/ThemeTests.swift; sourceTree = "<group>"; };
		20000000000000000000000D /* AppModelFixtureTests.swift */ = {isa = PBXFileReference; lastKnownFileType = sourcecode.swift; path = ../PaperFlowTests/AppModelFixtureTests.swift; sourceTree = "<group>"; };
		20000000000000000000000E /* PaperFlowUITests.swift */ = {isa = PBXFileReference; lastKnownFileType = sourcecode.swift; path = ../PaperFlowUITests/PaperFlowUITests.swift; sourceTree = "<group>"; };
		20000000000000000000000F /* Info.plist */ = {isa = PBXFileReference; lastKnownFileType = text.plist.xml; path = Info.plist; sourceTree = "<group>"; };
		200000000000000000000010 /* Project.xcconfig */ = {isa = PBXFileReference; lastKnownFileType = text.xcconfig; path = Config/Project.xcconfig; sourceTree = "<group>"; };
		200000000000000000000011 /* Base.xcconfig.example */ = {isa = PBXFileReference; lastKnownFileType = text.xcconfig; path = Config/Base.xcconfig.example; sourceTree = "<group>"; };
		200000000000000000000012 /* PaperFlow.app */ = {isa = PBXFileReference; explicitFileType = wrapper.application; includeInIndex = 0; path = PaperFlow.app; sourceTree = BUILT_PRODUCTS_DIR; };
		200000000000000000000013 /* PaperFlowTests.xctest */ = {isa = PBXFileReference; explicitFileType = wrapper.cfbundle; includeInIndex = 0; path = PaperFlowTests.xctest; sourceTree = BUILT_PRODUCTS_DIR; };
		200000000000000000000014 /* PaperFlowUITests.xctest */ = {isa = PBXFileReference; explicitFileType = wrapper.cfbundle; includeInIndex = 0; path = PaperFlowUITests.xctest; sourceTree = BUILT_PRODUCTS_DIR; };
		200000000000000000000015 /* ReadingStatus.swift */ = {isa = PBXFileReference; lastKnownFileType = sourcecode.swift; path = Models/ReadingStatus.swift; sourceTree = "<group>"; };
		200000000000000000000016 /* SavedPaperSnapshot.swift */ = {isa = PBXFileReference; lastKnownFileType = sourcecode.swift; path = Models/SavedPaperSnapshot.swift; sourceTree = "<group>"; };
		200000000000000000000017 /* PersonalPaperState.swift */ = {isa = PBXFileReference; lastKnownFileType = sourcecode.swift; path = Models/PersonalPaperState.swift; sourceTree = "<group>"; };
		200000000000000000000018 /* SwipeUndoSnapshot.swift */ = {isa = PBXFileReference; lastKnownFileType = sourcecode.swift; path = Storage/SwipeUndoSnapshot.swift; sourceTree = "<group>"; };
		200000000000000000000019 /* PersonalPaperStore.swift */ = {isa = PBXFileReference; lastKnownFileType = sourcecode.swift; path = Storage/PersonalPaperStore.swift; sourceTree = "<group>"; };
		20000000000000000000001A /* SwiftDataPersonalPaperStore.swift */ = {isa = PBXFileReference; lastKnownFileType = sourcecode.swift; path = Storage/SwiftDataPersonalPaperStore.swift; sourceTree = "<group>"; };
		20000000000000000000001B /* PersonalActionService.swift */ = {isa = PBXFileReference; lastKnownFileType = sourcecode.swift; path = Storage/PersonalActionService.swift; sourceTree = "<group>"; };
		20000000000000000000001C /* PersonalStateMachineTests.swift */ = {isa = PBXFileReference; lastKnownFileType = sourcecode.swift; path = ../PaperFlowTests/PersonalStateMachineTests.swift; sourceTree = "<group>"; };
		20000000000000000000001D /* SwiftDataPersistenceTests.swift */ = {isa = PBXFileReference; lastKnownFileType = sourcecode.swift; path = ../PaperFlowTests/SwiftDataPersistenceTests.swift; sourceTree = "<group>"; };
		20000000000000000000001E /* Endpoint.swift */ = {isa = PBXFileReference; lastKnownFileType = sourcecode.swift; path = Networking/Endpoint.swift; sourceTree = "<group>"; };
		20000000000000000000001F /* PublicFeedClient.swift */ = {isa = PBXFileReference; lastKnownFileType = sourcecode.swift; path = Networking/PublicFeedClient.swift; sourceTree = "<group>"; };
		200000000000000000000020 /* PublicFeedCache.swift */ = {isa = PBXFileReference; lastKnownFileType = sourcecode.swift; path = Storage/PublicFeedCache.swift; sourceTree = "<group>"; };
		200000000000000000000021 /* FilePublicFeedCache.swift */ = {isa = PBXFileReference; lastKnownFileType = sourcecode.swift; path = Storage/FilePublicFeedCache.swift; sourceTree = "<group>"; };
		200000000000000000000022 /* PaperFlowRepository.swift */ = {isa = PBXFileReference; lastKnownFileType = sourcecode.swift; path = Repositories/PaperFlowRepository.swift; sourceTree = "<group>"; };
		200000000000000000000023 /* PublicFeedClientTests.swift */ = {isa = PBXFileReference; lastKnownFileType = sourcecode.swift; path = ../PaperFlowTests/PublicFeedClientTests.swift; sourceTree = "<group>"; };
		200000000000000000000024 /* PublicFeedCacheTests.swift */ = {isa = PBXFileReference; lastKnownFileType = sourcecode.swift; path = ../PaperFlowTests/PublicFeedCacheTests.swift; sourceTree = "<group>"; };
		200000000000000000000025 /* RepositoryTests.swift */ = {isa = PBXFileReference; lastKnownFileType = sourcecode.swift; path = ../PaperFlowTests/RepositoryTests.swift; sourceTree = "<group>"; };
		200000000000000000000026 /* topic_feed.json */ = {isa = PBXFileReference; lastKnownFileType = text.json; path = Fixtures/topic_feed.json; sourceTree = "<group>"; };
		200000000000000000000027 /* TodayViewModel.swift */ = {isa = PBXFileReference; lastKnownFileType = sourcecode.swift; path = ViewModels/TodayViewModel.swift; sourceTree = "<group>"; };
		200000000000000000000028 /* DayBrowseViewModel.swift */ = {isa = PBXFileReference; lastKnownFileType = sourcecode.swift; path = ViewModels/DayBrowseViewModel.swift; sourceTree = "<group>"; };
		200000000000000000000029 /* PaperDetailViewModel.swift */ = {isa = PBXFileReference; lastKnownFileType = sourcecode.swift; path = ViewModels/PaperDetailViewModel.swift; sourceTree = "<group>"; };
		20000000000000000000002A /* TodayHomeView.swift */ = {isa = PBXFileReference; lastKnownFileType = sourcecode.swift; path = Views/Today/TodayHomeView.swift; sourceTree = "<group>"; };
		20000000000000000000002B /* DayOverviewView.swift */ = {isa = PBXFileReference; lastKnownFileType = sourcecode.swift; path = Views/Today/DayOverviewView.swift; sourceTree = "<group>"; };
		20000000000000000000002C /* DayBrowseView.swift */ = {isa = PBXFileReference; lastKnownFileType = sourcecode.swift; path = Views/Today/DayBrowseView.swift; sourceTree = "<group>"; };
		20000000000000000000002D /* PaperDetailView.swift */ = {isa = PBXFileReference; lastKnownFileType = sourcecode.swift; path = Views/Paper/PaperDetailView.swift; sourceTree = "<group>"; };
		20000000000000000000002E /* TodayViewModelTests.swift */ = {isa = PBXFileReference; lastKnownFileType = sourcecode.swift; path = ../PaperFlowTests/TodayViewModelTests.swift; sourceTree = "<group>"; };
		20000000000000000000002F /* PaperDetailViewModelTests.swift */ = {isa = PBXFileReference; lastKnownFileType = sourcecode.swift; path = ../PaperFlowTests/PaperDetailViewModelTests.swift; sourceTree = "<group>"; };
		200000000000000000000030 /* TodayBrowseTests.swift */ = {isa = PBXFileReference; lastKnownFileType = sourcecode.swift; path = ../PaperFlowUITests/TodayBrowseTests.swift; sourceTree = "<group>"; };
		200000000000000000000031 /* SwipeCollection.swift */ = {isa = PBXFileReference; lastKnownFileType = sourcecode.swift; path = Models/SwipeCollection.swift; sourceTree = "<group>"; };
		200000000000000000000032 /* SwipeSessionViewModel.swift */ = {isa = PBXFileReference; lastKnownFileType = sourcecode.swift; path = ViewModels/SwipeSessionViewModel.swift; sourceTree = "<group>"; };
		200000000000000000000033 /* PFSwipeCard.swift */ = {isa = PBXFileReference; lastKnownFileType = sourcecode.swift; path = Views/Components/PFSwipeCard.swift; sourceTree = "<group>"; };
		200000000000000000000034 /* PFSwipeActionBar.swift */ = {isa = PBXFileReference; lastKnownFileType = sourcecode.swift; path = Views/Components/PFSwipeActionBar.swift; sourceTree = "<group>"; };
		200000000000000000000035 /* DaySwipeView.swift */ = {isa = PBXFileReference; lastKnownFileType = sourcecode.swift; path = Views/Today/DaySwipeView.swift; sourceTree = "<group>"; };
		200000000000000000000036 /* TriageCompleteView.swift */ = {isa = PBXFileReference; lastKnownFileType = sourcecode.swift; path = Views/Today/TriageCompleteView.swift; sourceTree = "<group>"; };
		200000000000000000000037 /* SwipeSessionTests.swift */ = {isa = PBXFileReference; lastKnownFileType = sourcecode.swift; path = ../PaperFlowTests/SwipeSessionTests.swift; sourceTree = "<group>"; };
		200000000000000000000038 /* SwipeTriageTests.swift */ = {isa = PBXFileReference; lastKnownFileType = sourcecode.swift; path = ../PaperFlowUITests/SwipeTriageTests.swift; sourceTree = "<group>"; };
		200000000000000000000039 /* TopicsViewModel.swift */ = {isa = PBXFileReference; lastKnownFileType = sourcecode.swift; path = ViewModels/TopicsViewModel.swift; sourceTree = "<group>"; };
		20000000000000000000003A /* TopicHistoryViewModel.swift */ = {isa = PBXFileReference; lastKnownFileType = sourcecode.swift; path = ViewModels/TopicHistoryViewModel.swift; sourceTree = "<group>"; };
		20000000000000000000003B /* TopicsHomeView.swift */ = {isa = PBXFileReference; lastKnownFileType = sourcecode.swift; path = Views/Topics/TopicsHomeView.swift; sourceTree = "<group>"; };
		20000000000000000000003C /* TopicDetailView.swift */ = {isa = PBXFileReference; lastKnownFileType = sourcecode.swift; path = Views/Topics/TopicDetailView.swift; sourceTree = "<group>"; };
		20000000000000000000003D /* TopicBrowseView.swift */ = {isa = PBXFileReference; lastKnownFileType = sourcecode.swift; path = Views/Topics/TopicBrowseView.swift; sourceTree = "<group>"; };
		20000000000000000000003E /* TopicSwipeView.swift */ = {isa = PBXFileReference; lastKnownFileType = sourcecode.swift; path = Views/Topics/TopicSwipeView.swift; sourceTree = "<group>"; };
		20000000000000000000003F /* TopicsViewModelTests.swift */ = {isa = PBXFileReference; lastKnownFileType = sourcecode.swift; path = ../PaperFlowTests/TopicsViewModelTests.swift; sourceTree = "<group>"; };
		200000000000000000000040 /* TopicsTests.swift */ = {isa = PBXFileReference; lastKnownFileType = sourcecode.swift; path = ../PaperFlowUITests/TopicsTests.swift; sourceTree = "<group>"; };
		200000000000000000000041 /* SavedSearch.swift */ = {isa = PBXFileReference; lastKnownFileType = sourcecode.swift; path = ViewModels/SavedSearch.swift; sourceTree = "<group>"; };
		200000000000000000000042 /* SavedViewModel.swift */ = {isa = PBXFileReference; lastKnownFileType = sourcecode.swift; path = ViewModels/SavedViewModel.swift; sourceTree = "<group>"; };
		200000000000000000000043 /* SavedComponents.swift */ = {isa = PBXFileReference; lastKnownFileType = sourcecode.swift; path = Views/Components/SavedComponents.swift; sourceTree = "<group>"; };
		200000000000000000000044 /* SavedHomeView.swift */ = {isa = PBXFileReference; lastKnownFileType = sourcecode.swift; path = Views/Saved/SavedHomeView.swift; sourceTree = "<group>"; };
		200000000000000000000045 /* QueueView.swift */ = {isa = PBXFileReference; lastKnownFileType = sourcecode.swift; path = Views/Saved/QueueView.swift; sourceTree = "<group>"; };
		200000000000000000000046 /* ReadingView.swift */ = {isa = PBXFileReference; lastKnownFileType = sourcecode.swift; path = Views/Saved/ReadingView.swift; sourceTree = "<group>"; };
		200000000000000000000047 /* DoneView.swift */ = {isa = PBXFileReference; lastKnownFileType = sourcecode.swift; path = Views/Saved/DoneView.swift; sourceTree = "<group>"; };
		200000000000000000000048 /* SavedViewModelTests.swift */ = {isa = PBXFileReference; lastKnownFileType = sourcecode.swift; path = ../PaperFlowTests/SavedViewModelTests.swift; sourceTree = "<group>"; };
		200000000000000000000049 /* SavedTests.swift */ = {isa = PBXFileReference; lastKnownFileType = sourcecode.swift; path = ../PaperFlowUITests/SavedTests.swift; sourceTree = "<group>"; };
/* End PBXFileReference section */

/* Begin PBXFrameworksBuildPhase section */
		600000000000000000000001 = {isa = PBXFrameworksBuildPhase; buildActionMask = 2147483647; files = (); runOnlyForDeploymentPostprocessing = 0; };
		600000000000000000000002 = {isa = PBXFrameworksBuildPhase; buildActionMask = 2147483647; files = (); runOnlyForDeploymentPostprocessing = 0; };
		600000000000000000000003 = {isa = PBXFrameworksBuildPhase; buildActionMask = 2147483647; files = (); runOnlyForDeploymentPostprocessing = 0; };
/* End PBXFrameworksBuildPhase section */

/* Begin PBXGroup section */
		700000000000000000000001 = {isa = PBXGroup; children = (200000000000000000000001, 200000000000000000000002, 200000000000000000000003, 200000000000000000000004, 200000000000000000000005, 200000000000000000000006, 200000000000000000000007, 200000000000000000000008, 200000000000000000000009, 20000000000000000000000A, 20000000000000000000000B, 20000000000000000000000C, 20000000000000000000000D, 20000000000000000000000E, 20000000000000000000000F, 200000000000000000000010, 200000000000000000000011, 200000000000000000000015, 200000000000000000000016, 200000000000000000000017, 200000000000000000000018, 200000000000000000000019, 20000000000000000000001A, 20000000000000000000001B, 20000000000000000000001C, 20000000000000000000001D, 20000000000000000000001E, 20000000000000000000001F, 200000000000000000000020, 200000000000000000000021, 200000000000000000000022, 200000000000000000000023, 200000000000000000000024, 200000000000000000000025, 200000000000000000000026, 200000000000000000000027, 200000000000000000000028, 200000000000000000000029, 20000000000000000000002A, 20000000000000000000002B, 20000000000000000000002C, 20000000000000000000002D, 20000000000000000000002E, 20000000000000000000002F, 200000000000000000000030, 200000000000000000000031, 200000000000000000000032, 200000000000000000000033, 200000000000000000000034, 200000000000000000000035, 200000000000000000000036, 200000000000000000000037, 200000000000000000000038, 200000000000000000000039, 20000000000000000000003A, 20000000000000000000003B, 20000000000000000000003C, 20000000000000000000003D, 20000000000000000000003E, 20000000000000000000003F, 200000000000000000000040, 200000000000000000000041, 200000000000000000000042, 200000000000000000000043, 200000000000000000000044, 200000000000000000000045, 200000000000000000000046, 200000000000000000000047, 200000000000000000000048, 200000000000000000000049, 700000000000000000000002 /* Products */); sourceTree = "<group>"; };
		700000000000000000000002 /* Products */ = {isa = PBXGroup; children = (200000000000000000000012, 200000000000000000000013, 200000000000000000000014); name = Products; sourceTree = "<group>"; };
/* End PBXGroup section */

/* Begin PBXNativeTarget section */
		500000000000000000000001 /* PaperFlow */ = {isa = PBXNativeTarget; buildConfigurationList = 800000000000000000000001; buildPhases = (900000000000000000000001, 600000000000000000000001, A00000000000000000000001); buildRules = (); dependencies = (); name = PaperFlow; productName = PaperFlow; productReference = 200000000000000000000012; productType = "com.apple.product-type.application"; };
		500000000000000000000002 /* PaperFlowTests */ = {isa = PBXNativeTarget; buildConfigurationList = 800000000000000000000002; buildPhases = (900000000000000000000002, 600000000000000000000002, A00000000000000000000002); buildRules = (); dependencies = (B00000000000000000000001); name = PaperFlowTests; productName = PaperFlowTests; productReference = 200000000000000000000013; productType = "com.apple.product-type.bundle.unit-test"; };
		500000000000000000000003 /* PaperFlowUITests */ = {isa = PBXNativeTarget; buildConfigurationList = 800000000000000000000003; buildPhases = (900000000000000000000003, 600000000000000000000003, A00000000000000000000003); buildRules = (); dependencies = (B00000000000000000000002); name = PaperFlowUITests; productName = PaperFlowUITests; productReference = 200000000000000000000014; productType = "com.apple.product-type.bundle.ui-testing"; };
/* End PBXNativeTarget section */

/* Begin PBXProject section */
		400000000000000000000001 /* Project object */ = {isa = PBXProject; attributes = {BuildIndependentTargetsInParallel = YES; LastSwiftUpdateCheck = 1620; LastUpgradeCheck = 1620; TargetAttributes = {500000000000000000000001 = {CreatedOnToolsVersion = 16.2; }; 500000000000000000000002 = {CreatedOnToolsVersion = 16.2; TestTargetID = 500000000000000000000001; }; 500000000000000000000003 = {CreatedOnToolsVersion = 16.2; TestTargetID = 500000000000000000000001; };};}; buildConfigurationList = 800000000000000000000004; compatibilityVersion = "Xcode 14.0"; developmentRegion = en; hasScannedForEncodings = 0; knownRegions = (en, Base); mainGroup = 700000000000000000000001; productRefGroup = 700000000000000000000002; projectDirPath = ""; projectRoot = ""; targets = (500000000000000000000001, 500000000000000000000002, 500000000000000000000003); };
/* End PBXProject section */

/* Begin PBXResourcesBuildPhase section */
		A00000000000000000000001 = {isa = PBXResourcesBuildPhase; buildActionMask = 2147483647; files = (100000000000000000000008, 100000000000000000000009, 10000000000000000000000A, 100000000000000000000026); runOnlyForDeploymentPostprocessing = 0; };
		A00000000000000000000002 = {isa = PBXResourcesBuildPhase; buildActionMask = 2147483647; files = (); runOnlyForDeploymentPostprocessing = 0; };
		A00000000000000000000003 = {isa = PBXResourcesBuildPhase; buildActionMask = 2147483647; files = (); runOnlyForDeploymentPostprocessing = 0; };
/* End PBXResourcesBuildPhase section */

/* Begin PBXSourcesBuildPhase section */
		900000000000000000000001 = {isa = PBXSourcesBuildPhase; buildActionMask = 2147483647; files = (100000000000000000000001, 100000000000000000000002, 100000000000000000000003, 100000000000000000000004, 100000000000000000000005, 100000000000000000000006, 100000000000000000000007, 100000000000000000000015, 100000000000000000000016, 100000000000000000000017, 100000000000000000000018, 100000000000000000000019, 10000000000000000000001A, 10000000000000000000001B, 10000000000000000000001E, 10000000000000000000001F, 100000000000000000000020, 100000000000000000000021, 100000000000000000000022, 100000000000000000000027, 100000000000000000000028, 100000000000000000000029, 10000000000000000000002A, 10000000000000000000002B, 10000000000000000000002C, 10000000000000000000002D, 100000000000000000000031, 100000000000000000000032, 100000000000000000000033, 100000000000000000000034, 100000000000000000000035, 100000000000000000000036, 100000000000000000000039, 10000000000000000000003A, 10000000000000000000003B, 10000000000000000000003C, 10000000000000000000003D, 10000000000000000000003E, 100000000000000000000041, 100000000000000000000042, 100000000000000000000043, 100000000000000000000044, 100000000000000000000045, 100000000000000000000046, 100000000000000000000047); runOnlyForDeploymentPostprocessing = 0; };
		900000000000000000000002 = {isa = PBXSourcesBuildPhase; buildActionMask = 2147483647; files = (10000000000000000000000B, 10000000000000000000000C, 10000000000000000000000D, 10000000000000000000001C, 10000000000000000000001D, 100000000000000000000023, 100000000000000000000024, 100000000000000000000025, 10000000000000000000002E, 10000000000000000000002F, 100000000000000000000037, 10000000000000000000003F, 100000000000000000000048); runOnlyForDeploymentPostprocessing = 0; };
		900000000000000000000003 = {isa = PBXSourcesBuildPhase; buildActionMask = 2147483647; files = (10000000000000000000000E, 100000000000000000000030, 100000000000000000000038, 100000000000000000000040, 100000000000000000000049); runOnlyForDeploymentPostprocessing = 0; };
/* End PBXSourcesBuildPhase section */

/* Begin PBXTargetDependency section */
		B00000000000000000000001 = {isa = PBXTargetDependency; target = 500000000000000000000001; targetProxy = 300000000000000000000001; };
		B00000000000000000000002 = {isa = PBXTargetDependency; target = 500000000000000000000001; targetProxy = 300000000000000000000002; };
/* End PBXTargetDependency section */

/* Begin XCBuildConfiguration section */
		C00000000000000000000001 = {isa = XCBuildConfiguration; buildSettings = {ALWAYS_SEARCH_USER_PATHS = NO; CLANG_ENABLE_MODULES = YES; ENABLE_TESTABILITY = YES; IPHONEOS_DEPLOYMENT_TARGET = 17.0; ONLY_ACTIVE_ARCH = YES; SDKROOT = iphoneos; SWIFT_OPTIMIZATION_LEVEL = "-Onone"; SWIFT_VERSION = 5.0;}; name = Debug; };
		C00000000000000000000002 = {isa = XCBuildConfiguration; buildSettings = {ALWAYS_SEARCH_USER_PATHS = NO; CLANG_ENABLE_MODULES = YES; IPHONEOS_DEPLOYMENT_TARGET = 17.0; SDKROOT = iphoneos; SWIFT_COMPILATION_MODE = wholemodule; SWIFT_VERSION = 5.0; VALIDATE_PRODUCT = YES;}; name = Release; };
		C00000000000000000000003 = {isa = XCBuildConfiguration; baseConfigurationReference = 200000000000000000000010; buildSettings = {CODE_SIGN_STYLE = Automatic; CURRENT_PROJECT_VERSION = 1; GENERATE_INFOPLIST_FILE = NO; INFOPLIST_FILE = Info.plist; MARKETING_VERSION = 1.0; PRODUCT_NAME = "$(TARGET_NAME)"; SUPPORTED_PLATFORMS = "iphoneos iphonesimulator"; SWIFT_EMIT_LOC_STRINGS = YES; TARGETED_DEVICE_FAMILY = 1;}; name = Debug; };
		C00000000000000000000004 = {isa = XCBuildConfiguration; baseConfigurationReference = 200000000000000000000010; buildSettings = {CODE_SIGN_STYLE = Automatic; CURRENT_PROJECT_VERSION = 1; GENERATE_INFOPLIST_FILE = NO; INFOPLIST_FILE = Info.plist; MARKETING_VERSION = 1.0; PRODUCT_NAME = "$(TARGET_NAME)"; SUPPORTED_PLATFORMS = "iphoneos iphonesimulator"; SWIFT_EMIT_LOC_STRINGS = YES; TARGETED_DEVICE_FAMILY = 1;}; name = Release; };
		C00000000000000000000005 = {isa = XCBuildConfiguration; buildSettings = {BUNDLE_LOADER = "$(TEST_HOST)"; GENERATE_INFOPLIST_FILE = YES; PRODUCT_BUNDLE_IDENTIFIER = com.example.PaperFlowTests; PRODUCT_NAME = "$(TARGET_NAME)"; SWIFT_VERSION = 5.0; TEST_HOST = "$(BUILT_PRODUCTS_DIR)/PaperFlow.app/$(BUNDLE_EXECUTABLE_FOLDER_PATH)/PaperFlow";}; name = Debug; };
		C00000000000000000000006 = {isa = XCBuildConfiguration; buildSettings = {BUNDLE_LOADER = "$(TEST_HOST)"; GENERATE_INFOPLIST_FILE = YES; PRODUCT_BUNDLE_IDENTIFIER = com.example.PaperFlowTests; PRODUCT_NAME = "$(TARGET_NAME)"; SWIFT_VERSION = 5.0; TEST_HOST = "$(BUILT_PRODUCTS_DIR)/PaperFlow.app/$(BUNDLE_EXECUTABLE_FOLDER_PATH)/PaperFlow";}; name = Release; };
		C00000000000000000000007 = {isa = XCBuildConfiguration; buildSettings = {GENERATE_INFOPLIST_FILE = YES; PRODUCT_BUNDLE_IDENTIFIER = com.example.PaperFlowUITests; PRODUCT_NAME = "$(TARGET_NAME)"; SWIFT_VERSION = 5.0; TEST_TARGET_NAME = PaperFlow;}; name = Debug; };
		C00000000000000000000008 = {isa = XCBuildConfiguration; buildSettings = {GENERATE_INFOPLIST_FILE = YES; PRODUCT_BUNDLE_IDENTIFIER = com.example.PaperFlowUITests; PRODUCT_NAME = "$(TARGET_NAME)"; SWIFT_VERSION = 5.0; TEST_TARGET_NAME = PaperFlow;}; name = Release; };
/* End XCBuildConfiguration section */

/* Begin XCConfigurationList section */
		800000000000000000000001 = {isa = XCConfigurationList; buildConfigurations = (C00000000000000000000003, C00000000000000000000004); defaultConfigurationIsVisible = 0; defaultConfigurationName = Release; };
		800000000000000000000002 = {isa = XCConfigurationList; buildConfigurations = (C00000000000000000000005, C00000000000000000000006); defaultConfigurationIsVisible = 0; defaultConfigurationName = Release; };
		800000000000000000000003 = {isa = XCConfigurationList; buildConfigurations = (C00000000000000000000007, C00000000000000000000008); defaultConfigurationIsVisible = 0; defaultConfigurationName = Release; };
		800000000000000000000004 = {isa = XCConfigurationList; buildConfigurations = (C00000000000000000000001, C00000000000000000000002); defaultConfigurationIsVisible = 0; defaultConfigurationName = Release; };
/* End XCConfigurationList section */
	};
	rootObject = 400000000000000000000001 /* Project object */;
}
